
Microsoft Visual Studio Solution File, Format Version 12.00
# Visual Studio Version 16
VisualStudioVersion = 16.0.31729.503
MinimumVisualStudioVersion = 10.0.40219.1
Project("{FAE04EC0-301F-11D3-BF4B-00C04F79EFBC}") = "UZFWebApplication", "UZFWebApplication\UZFWebApplication.csproj", "{709A2F03-B6DF-47DF-BC1D-D6D8F960F5B9}"
EndProject
Global
	GlobalSection(SolutionConfigurationPlatforms) = preSolution
		Debug|Any CPU = Debug|Any CPU
		Release|Any CPU = Release|Any CPU
	EndGlobalSection
	GlobalSection(ProjectConfigurationPlatforms) = postSolution
		{709A2F03-B6DF-47DF-BC1D-D6D8F960F5B9}.Debug|Any CPU.ActiveCfg = Debug|Any CPU
		{709A2F03-B6DF-47DF-BC1D-D6D8F960F5B9}.Debug|Any CPU.Build.0 = Debug|Any CPU
		{709A2F03-B6DF-47DF-BC1D-D6D8F960F5B9}.Release|Any CPU.ActiveCfg = Release|Any CPU
		{709A2F03-B6DF-47DF-BC1D-D6D8F960F5B9}.Release|Any CPU.Build.0 = Release|Any CPU
	EndGlobalSection
	GlobalSection(SolutionProperties) = preSolution
		HideSolutionNode = FALSE
	EndGlobalSection
	GlobalSection(ExtensibilityGlobals) = postSolution
		SolutionGuid = {82819877-FFC3-46F0-B49F-9D2B4CA0A2B7}
	EndGlobalSection
EndGlobal
